{
 "lessons": [
  "dfs-topological-state",
  "dynamic-connectivity",
  "find-compression",
  "graph-and-union-find",
  "kahn-topological-order",
  "kruskal-foundations",
  "undirected-parent-state",
  "union-by-size"
 ],
 "exercises": [
  "uc-chebyshev-spanning",
  "uc-merged-accounts",
  "uc-province-sizes",
  "uc-redundant-count",
  "ug-accounts-merge",
  "ug-already-connected",
  "ug-cheapest-safe-edge",
  "ug-compress-chain",
  "ug-compute-indegrees",
  "ug-course-order",
  "ug-course-schedule-dfs",
  "ug-courses-completable",
  "ug-cross-edge-black",
  "ug-dfs-parent",
  "ug-disconnected-weighted",
  "ug-duplicate-union",
  "ug-follow-root",
  "ug-merge-two-roots",
  "ug-min-cost-connect-points",
  "ug-online-connect-query",
  "ug-parallel-edges",
  "ug-postorder-list",
  "ug-provinces",
  "ug-provinces-by-row",
  "ug-redundant-connection",
  "ug-repeated-unequal",
  "ug-several-sources",
  "ug-singletons",
  "ug-stop-after-v-minus-one",
  "ug-three-color-trace",
  "ug-triangle",
  "ug-valid-tree"
 ],
 "retired": []
}
