{
 "lessons": [
  "dfs-topological-state",
  "dynamic-connectivity",
  "find-compression",
  "kahn-topological-order",
  "kruskal-foundations",
  "merge-groups-as-edges-arrive",
  "undirected-parent-state",
  "union-by-size"
 ],
 "exercises": [
  "dg-accounts-merge",
  "dg-already-connected",
  "dg-cheapest-safe-edge",
  "dg-compress-chain",
  "dg-compute-indegrees",
  "dg-course-order",
  "dg-course-order-edge",
  "dg-course-schedule",
  "dg-cross-edge-black",
  "dg-detect-triangle",
  "dg-dfs-with-parent",
  "dg-disconnected-weighted",
  "dg-duplicate-union",
  "dg-follow-to-root",
  "dg-merge-two-roots",
  "dg-min-cost-points",
  "dg-online-connect-query",
  "dg-parallel-edges",
  "dg-postorder-list",
  "dg-provinces",
  "dg-provinces-per-edge",
  "dg-redundant-connection",
  "dg-repeated-unequal",
  "dg-several-sources",
  "dg-singleton-components",
  "dg-stop-after-v-minus-one",
  "dg-three-color-trace",
  "dg-valid-tree",
  "dgc-accounts-case-insensitive",
  "dgc-components-and-largest",
  "dgc-connect-repeated-points",
  "dgc-edges-closing-cycles"
 ],
 "retired": []
}
