{
 "lessons": [
  "alternating-colors",
  "constrained-flights",
  "dijkstra",
  "graph-and-deque",
  "graph-and-heap",
  "node-state-search",
  "stale-heap-entries",
  "zero-one-bfs"
 ],
 "exercises": [
  "sd-minimum-toll",
  "sd-obstacle-removal",
  "sd-valid-path-zero-cells",
  "sd-zero-one-relaxation",
  "sh-fewest-cheapest",
  "sh-last-to-light",
  "sh-max-probability",
  "sh-min-effort",
  "sp-alt-color-pairs",
  "sp-alt-loops-parallel",
  "sp-alt-moves",
  "sp-alt-start-modes",
  "sp-alternating-colors",
  "sp-arrow-grid",
  "sp-cheapest-k-stops",
  "sp-cost-by-legs",
  "sp-coupon-flag",
  "sp-deque-end",
  "sp-direct-k-zero",
  "sp-distance-by-state",
  "sp-equal-cost-alternatives",
  "sp-large-sum",
  "sp-network-delay",
  "sp-network-delay-stale",
  "sp-reject-nonimproving",
  "sp-relax-edge",
  "sp-same-node-future",
  "sp-settle-order",
  "sp-skip-before-expansion",
  "sp-two-edges",
  "sp-two-entries",
  "sp-zero-cycle"
 ],
 "retired": []
}
