{
 "lessons": [
  "alternating-colors",
  "constrained-flights",
  "dijkstra",
  "node-state-search",
  "shortest-paths-with-a-deque",
  "shortest-paths-with-a-heap",
  "stale-heap-entries",
  "zero-one-bfs"
 ],
 "exercises": [
  "sp-alternate-red-blue",
  "sp-alternating-colors",
  "sp-alternating-colors-lc1129",
  "sp-arrow-grid-ties",
  "sp-at-most-two-edges",
  "sp-cheapest-flights-k-stops",
  "sp-cost-by-stops-used",
  "sp-coupon-flag",
  "sp-delay-unreached-count",
  "sp-dijkstra-network-delay",
  "sp-dijkstra-relax-edge",
  "sp-dijkstra-small-graph",
  "sp-dijkstra-unreachable-large",
  "sp-direct-flight-k-zero",
  "sp-distance-by-state",
  "sp-equal-cost-alternatives",
  "sp-flights-stop-count",
  "sp-grid-valid-path",
  "sp-max-probability-path",
  "sp-min-effort-route",
  "sp-network-delay-time",
  "sp-obstacle-corner",
  "sp-reject-nonimproving",
  "sp-same-node-future",
  "sp-self-loop-parallel",
  "sp-skip-before-expansion",
  "sp-two-entries-one-node",
  "sp-two-start-modes",
  "sp-zero-cost-cycle",
  "sp-zero-one-end",
  "sp-zero-one-relaxation",
  "sp-zero-one-toll"
 ],
 "retired": []
}
