{
 "lessons": [
  "balance-sentinels",
  "depth-and-path-state",
  "diameter-and-subtree-returns",
  "iterative-dfs",
  "morris-traversal",
  "quadtree-construction",
  "recursive-traversal-orders",
  "return-results-from-subtrees",
  "traversal-reconstruction",
  "tree-representation"
 ],
 "exercises": [
  "bs-balanced",
  "bs-empty-height",
  "bs-first-bad",
  "bs-height-or-fail",
  "dp-height",
  "dp-leaf-count",
  "dp-path-list",
  "dp-path-sum",
  "dr-diameter",
  "dr-heights",
  "dr-max-path",
  "dr-node-count",
  "it-deep-sum",
  "it-inorder",
  "it-postorder",
  "it-preorder",
  "mo-first-k",
  "mo-inorder",
  "mo-one-thread",
  "mo-predecessor",
  "qt-construct",
  "qt-leaf-count",
  "qt-split",
  "qt-uniform",
  "ro-inorder",
  "ro-marked",
  "ro-postorder",
  "ro-preorder",
  "rr-depth-count",
  "rr-tolerance",
  "rr-two-node-path",
  "rr-weighted-diameter",
  "tr-leaf-count",
  "tr-nary-children",
  "tr-nary-depth",
  "tr-three-node",
  "tw-construct",
  "tw-height",
  "tw-postorder",
  "tw-split-root"
 ],
 "retired": []
}
