{
 "lessons": [
  "balance-sentinels",
  "depth-and-path-state",
  "diameter-and-subtree-returns",
  "iterative-dfs",
  "morris-traversal",
  "quadtree-construction",
  "recursive-traversal-orders",
  "traversal-reconstruction",
  "tree-dfs-returns",
  "tree-representation"
 ],
 "exercises": [
  "td-diameter-turns",
  "td-height-and-deepest",
  "td-path-sum-turn",
  "td-weighted-balance",
  "tr-balanced-tree",
  "tr-construct-from-pre-in",
  "tr-construct-quad-tree",
  "tr-count-nary-children",
  "tr-create-remove-thread",
  "tr-deep-skewed",
  "tr-depth-of-tree",
  "tr-diameter-of-tree",
  "tr-direct-versus-restored",
  "tr-empty-range-skewed",
  "tr-empty-single-trees",
  "tr-empty-tree-height",
  "tr-find-predecessor",
  "tr-height-or-failure",
  "tr-inorder-walk",
  "tr-iter-inorder",
  "tr-iter-postorder-mirror",
  "tr-iter-preorder",
  "tr-leaf-versus-internal",
  "tr-local-imbalance",
  "tr-max-depth-nary",
  "tr-max-path-sum",
  "tr-morris-inorder",
  "tr-nodes-versus-edges",
  "tr-one-cell",
  "tr-one-sided-orders",
  "tr-path-sum-exists",
  "tr-path-sum-routes",
  "tr-postorder-walk",
  "tr-preorder-walk",
  "tr-rebuild-by-ranges",
  "tr-split-one-root",
  "tr-split-quadrants",
  "tr-subtree-height",
  "tr-three-node-tree",
  "tr-uniform-region"
 ],
 "retired": []
}
