{
 "lessons": [
  "board-constraints",
  "call-state",
  "choose-explore-unchoose",
  "duplicate-control",
  "increasing-start-combinations",
  "partition-generation",
  "permutations",
  "proof-based-pruning",
  "reusable-candidates",
  "subsets",
  "trie-and-backtracking"
 ],
 "exercises": [
  "bc-duplicate-discovery",
  "bc-missing-edge",
  "bc-row-search",
  "bc-word-search-two",
  "bt-binary-choices",
  "bt-choose-two",
  "bt-coin-ways",
  "bt-combination-sum",
  "bt-combination-sum-two",
  "bt-combinations-k",
  "bt-distinct-size-k",
  "bt-empty-input",
  "bt-empty-suffix",
  "bt-equal-depths",
  "bt-equal-siblings",
  "bt-fixed-length-reuse",
  "bt-grid-paths",
  "bt-larger-than-remainder",
  "bt-negative-breaks-prune",
  "bt-negative-exponent",
  "bt-nonadjacent-slots",
  "bt-palindrome-partition",
  "bt-permutations-equal",
  "bt-permute-swaps",
  "bt-permute-three",
  "bt-positive-budget",
  "bt-power-halving",
  "bt-preorder-subsets",
  "bt-queens-boards",
  "bt-queens-rejected",
  "bt-restore-used",
  "bt-reuse-early-success",
  "bt-reverse-range",
  "bt-room-bound",
  "bt-short-splits",
  "bt-store-completed",
  "bt-subsets-include-first",
  "bt-subsets-with-equals",
  "bt-sum-prefix",
  "bt-sum-three",
  "bt-two-values",
  "bt-valid-pieces",
  "bt-variable-loop",
  "bt-word-search"
 ],
 "retired": []
}
