{
 "lessons": [
  "board-constraints",
  "board-prefix-tree",
  "call-state",
  "choose-explore-unchoose",
  "duplicate-control",
  "increasing-start-combinations",
  "partition-generation",
  "permutations",
  "proof-based-pruning",
  "reusable-candidates",
  "subsets"
 ],
 "exercises": [
  "bt-all-splits-short-string",
  "bt-binary-choices",
  "bt-candidate-larger-than-remainder",
  "bt-cell-reuse-early-success",
  "bt-choose-two-from-four",
  "bt-combination-sum",
  "bt-combination-sum-three",
  "bt-combination-sum-two",
  "bt-combinations-n-choose-k",
  "bt-empty-suffix-completion",
  "bt-equal-sibling-choices",
  "bt-equal-values-different-depths",
  "bt-fixed-length-reusable-sum",
  "bt-four-direction-path",
  "bt-insufficient-remaining",
  "bt-n-queens-boards",
  "bt-n-queens-count",
  "bt-negative-exponents",
  "bt-negative-values-break-pruning",
  "bt-palindrome-partitioning",
  "bt-permutations-equal-values",
  "bt-permutations-used-array",
  "bt-permute-three",
  "bt-positive-remaining-sum",
  "bt-pow-halving",
  "bt-remaining-slots-bound",
  "bt-restore-used-state",
  "bt-reverse-by-range",
  "bt-shared-prefix-duplicates",
  "bt-stop-on-missing-edge",
  "bt-store-completed-path",
  "bt-subsets-distinct-count",
  "bt-subsets-empty-input",
  "bt-subsets-include-exclude",
  "bt-subsets-of-two-values",
  "bt-subsets-start-index",
  "bt-subsets-two-skip",
  "bt-sum-a-prefix",
  "bt-sum-with-repeated-coins",
  "bt-trie-row-search",
  "bt-valid-piece-predicate",
  "bt-variable-candidate-loop",
  "bt-word-search-marks",
  "bt-word-search-two"
 ],
 "retired": []
}
