{
 "lessons": [
  "direct-addressing",
  "frequency-maps",
  "grouping-maps",
  "key-equality",
  "key-to-index-maps",
  "matrices-and-sets",
  "membership-sets",
  "set-sequences",
  "strings-and-maps"
 ],
 "exercises": [
  "hm-anagram-ascii",
  "hm-box-identity",
  "hm-contains-duplicate",
  "hm-count-coordinates",
  "hm-design-hashmap",
  "hm-directed-transitions",
  "hm-duplicate-starts",
  "hm-empty-buckets",
  "hm-first-index-wins",
  "hm-first-unique",
  "hm-first-unique-outside",
  "hm-generator-period",
  "hm-group-anagrams",
  "hm-group-by-remainder",
  "hm-group-people",
  "hm-happy-number",
  "hm-intersection",
  "hm-isomorphic",
  "hm-letter-changes",
  "hm-longest-consecutive",
  "hm-longest-run-start",
  "hm-mutable-key",
  "hm-nearby-duplicate",
  "hm-remove-zero-counts",
  "hm-row-column-scope",
  "hm-row-duplicates",
  "hm-shared-by-three",
  "hm-sparse-ids",
  "hm-two-sum",
  "hm-undirected-edge",
  "hm-unique-occurrences",
  "hm-valid-anagram",
  "hm-valid-sudoku",
  "hm-widest-pair",
  "hm-word-pattern",
  "hm-words-per-letter"
 ],
 "retired": []
}
