{
 "lessons": [
  "copy-a-list-with-random-links",
  "cycle-entry",
  "dummy-heads",
  "fixed-gap-kth-from-end",
  "intersection",
  "merge",
  "middle-nodes",
  "multilevel-flattening",
  "node-invariants",
  "partial-and-k-group-reversal",
  "reverse"
 ],
 "exercises": [
  "ll-align-by-length",
  "ll-child-edges",
  "ll-copy-edges",
  "ll-copy-map",
  "ll-copy-random",
  "ll-copy-two-random",
  "ll-cycle-detect",
  "ll-cycle-entry",
  "ll-cycle-length",
  "ll-cycle-small",
  "ll-deferred-stack",
  "ll-empty-singleton",
  "ll-first-middle",
  "ll-flatten-430",
  "ll-incomplete-group",
  "ll-insert-after",
  "ll-insert-at",
  "ll-intersection-switch",
  "ll-kth-boundary",
  "ll-kth-from-end",
  "ll-kth-predecessor",
  "ll-meet-boundary",
  "ll-merge-exhausted",
  "ll-merge-one-node",
  "ll-merge-two-sorted",
  "ll-merge-unique",
  "ll-node-identity",
  "ll-odd-middle",
  "ll-palindrome",
  "ll-remove-elements",
  "ll-remove-nth-count",
  "ll-remove-nth-gap",
  "ll-remove-up-to",
  "ll-reverse-between",
  "ll-reverse-boundary",
  "ll-reverse-k-group",
  "ll-reverse-list",
  "ll-reverse-range-clamped",
  "ll-reverse-three",
  "ll-second-middle",
  "ll-sort-list",
  "ll-splice-one",
  "ll-traverse-count",
  "ll-two-nodes"
 ],
 "retired": []
}
