{
 "lessons": [
  "cycle-entry",
  "dummy-heads",
  "fixed-gap-kth-from-end",
  "intersection",
  "linked-list-map",
  "merge",
  "middle-nodes",
  "multilevel-flattening",
  "node-invariants",
  "partial-and-k-group-reversal",
  "reverse"
 ],
 "exercises": [
  "ll-align-by-length",
  "ll-compare-identity",
  "ll-cycle-entry",
  "ll-cycle-length",
  "ll-cycle-rounds",
  "ll-deferred-stack",
  "ll-detect-cycle",
  "ll-empty-and-singleton",
  "ll-first-full-group",
  "ll-first-middle",
  "ll-flatten-back-links",
  "ll-flatten-multilevel",
  "ll-insert-after-node",
  "ll-insert-at-position",
  "ll-intersection-lists",
  "ll-k-too-large",
  "ll-kth-from-end",
  "ll-merge-distinct",
  "ll-merge-exhausted",
  "ll-merge-one-node",
  "ll-merge-two-sorted",
  "ll-middle-second",
  "ll-odd-middle",
  "ll-palindrome-list",
  "ll-predecessor-kth",
  "ll-remove-blocked",
  "ll-remove-elements",
  "ll-remove-nth-dummy",
  "ll-remove-nth-gap",
  "ll-reverse-between",
  "ll-reverse-empty-one",
  "ll-reverse-half-open",
  "ll-reverse-k-group",
  "ll-reverse-list",
  "ll-reverse-three-by-hand",
  "ll-sort-list",
  "ll-splice-one-child",
  "ll-swap-pair",
  "ll-switch-rounds",
  "ll-traverse-and-count",
  "llm-copy-random-list",
  "llm-null-self-shared",
  "llm-original-clone-map",
  "llm-two-references"
 ],
 "retired": []
}
