{
 "lessons": [
  "difference-arrays",
  "earliest-balance",
  "exclusion-state",
  "prefix-construction",
  "prefix-counts",
  "prefix-state-maps",
  "prefix-xor",
  "range-queries",
  "remainder-classes",
  "two-dimensional-difference",
  "two-dimensional-prefix"
 ],
 "exercises": [
  "ps-balanced-start",
  "ps-binary-subarrays-930",
  "ps-block-sum-1314",
  "ps-bottom-right-edge",
  "ps-car-pooling-1094",
  "ps-contiguous-array-525",
  "ps-continuous-523",
  "ps-count-xor-k",
  "ps-divisible-974",
  "ps-divisible-span",
  "ps-empty-prefix",
  "ps-equal-a-and-b",
  "ps-even-vowels-1371",
  "ps-final-endpoint",
  "ps-flight-bookings-1109",
  "ps-half-open-query",
  "ps-increment-2536",
  "ps-matrix-sum-304",
  "ps-negative-remainders",
  "ps-nice-subarrays-1248",
  "ps-one-range-add",
  "ps-one-rectangle",
  "ps-origin-rectangle",
  "ps-pivot-index",
  "ps-prefix-averages",
  "ps-product-except-self",
  "ps-product-zeros",
  "ps-range-sum-303",
  "ps-running-sum",
  "ps-side-maximums",
  "ps-single-cell",
  "ps-subarray-sum-560",
  "ps-sum-except-self",
  "ps-triplets-1442",
  "ps-weighted-rectangles",
  "ps-whole-array",
  "ps-xor-empty-prefix",
  "ps-xor-half-open",
  "ps-xor-queries",
  "ps-zero-target",
  "psm-ending-counts",
  "psm-min-length",
  "psm-target-remainder",
  "psm-three-kinds"
 ],
 "retired": []
}
