{
 "lessons": [
  "difference-arrays",
  "earliest-balance",
  "exclusion-state",
  "prefix-construction",
  "prefix-counts",
  "prefix-state-and-maps",
  "prefix-xor",
  "range-queries",
  "remainder-classes",
  "two-dimensional-difference",
  "two-dimensional-prefix"
 ],
 "exercises": [
  "ps-binary-subarrays-sum",
  "ps-bottom-right-edge",
  "ps-car-pooling",
  "ps-combo-contiguous-array-span",
  "ps-combo-continuous-pair",
  "ps-combo-divisible-large-k",
  "ps-combo-subarray-sum-long",
  "ps-contiguous-array",
  "ps-continuous-subarray-sum",
  "ps-count-xor-k",
  "ps-empty-prefix",
  "ps-equal-a-and-b",
  "ps-equal-xor-triplets",
  "ps-even-vowels",
  "ps-final-endpoint",
  "ps-flight-bookings",
  "ps-half-open-query",
  "ps-increment-submatrices",
  "ps-longest-divisible-span",
  "ps-matrix-block-sum",
  "ps-negative-values",
  "ps-nice-subarrays",
  "ps-one-range-add",
  "ps-one-rectangle-add",
  "ps-pivot-index",
  "ps-prefix-averages",
  "ps-prefix-from-zero",
  "ps-prefix-suffix-maximums",
  "ps-product-except-self",
  "ps-product-with-zeros",
  "ps-range-immutable",
  "ps-range-sum-2d",
  "ps-running-sum",
  "ps-single-cell-rectangle",
  "ps-subarray-sum-k",
  "ps-sum-except-self",
  "ps-sums-divisible-k",
  "ps-weighted-rectangle-updates",
  "ps-whole-array",
  "ps-whole-matrix-query",
  "ps-xor-empty-prefix",
  "ps-xor-log",
  "ps-xor-queries-intro",
  "ps-zero-target"
 ],
 "retired": []
}
