{
 "lessons": [
  "bfs-state-modeling",
  "bidirectional-frontiers",
  "layer-meaning",
  "multi-source-bfs",
  "resource-dominance",
  "state-space-bfs"
 ],
 "exercises": [
  "bs-diagonal-cells-on-shortest",
  "bs-ladder-count",
  "bs-rot-walls-untouched",
  "bs-torus-nearest-zero",
  "bv-already-complete",
  "bv-best-per-cell",
  "bv-binary-matrix-count",
  "bv-crossing-neighbor",
  "bv-first-target-layer",
  "bv-forbidden-ends",
  "bv-layer-lists",
  "bv-lock-neighbors",
  "bv-longer-richer",
  "bv-nearest-source-distances",
  "bv-no-or-all-sources",
  "bv-obstacle-elimination",
  "bv-open-lock",
  "bv-remaining-breaks",
  "bv-rotting-final-minute",
  "bv-rotting-oranges",
  "bv-start-equals-target",
  "bv-two-ended-integer",
  "bv-word-ladder",
  "bv-zero-one-matrix"
 ],
 "retired": []
}
