{
 "lessons": [
  "at-most-k-distinct-windows",
  "count-all-valid-subarrays-windows",
  "exactly-k-by-subtraction",
  "fixed-frequency-windows",
  "fixed-size-aggregate-windows",
  "longest-valid-windows",
  "minimum-cover-and-deficit-windows",
  "repeated-shrink-versus-non-shrinking-policy",
  "replacement-budget-windows",
  "window-frequency-state"
 ],
 "exercises": [
  "sw-binary-counts",
  "sw-binary-flips",
  "sw-block-sums",
  "sw-char-replacement",
  "sw-count-minimal-covers",
  "sw-empty-budget",
  "sw-exact-max-repaint-window",
  "sw-exactly-one-odd",
  "sw-find-anagrams",
  "sw-fruit-baskets",
  "sw-k-at-minimum",
  "sw-k-different-integers",
  "sw-k-distinct-chars",
  "sw-k-zero",
  "sw-longest-leftmost-repeat-free",
  "sw-max-average",
  "sw-max-consecutive-ones-iii",
  "sw-max-vowels",
  "sw-min-window-substring",
  "sw-multiple-left-removals",
  "sw-nice-subarrays",
  "sw-no-cover-exists",
  "sw-no-repeat-substring",
  "sw-one-kind-run",
  "sw-one-removal-trace",
  "sw-one-zero",
  "sw-one-zero-run",
  "sw-permutation-in-string",
  "sw-permutation-start-index",
  "sw-product-less-than-k",
  "sw-repeated-required",
  "sw-replacement-both-forms",
  "sw-required-multiplicities",
  "sw-restore-before-record",
  "sw-shortest-a-and-b",
  "sw-stale-maximum",
  "sw-sum-below-k",
  "sw-violation-both-ends",
  "sw-whole-array",
  "sw-window-cost"
 ],
 "retired": []
}
