{
 "lessons": [
  "at-most-k-distinct",
  "count-every-valid-subarray",
  "exactly-k-by-subtraction",
  "fixed-frequency-window",
  "fixed-size-window",
  "longest-valid-window",
  "replacement-budget-window",
  "shortest-covering-window",
  "shrink-fully-or-once",
  "track-counts-inside-a-window"
 ],
 "exercises": [
  "sw-at-most-k-chars",
  "sw-binary-counts",
  "sw-binary-uniform",
  "sw-block-sums",
  "sw-char-replacement",
  "sw-comb-count-minimum",
  "sw-comb-leftmost-replacement",
  "sw-comb-permutation",
  "sw-comb-repeat-limit",
  "sw-count-k-minimum",
  "sw-count-one-zero",
  "sw-count-sum-below",
  "sw-empty-budget",
  "sw-exactly-one-odd",
  "sw-find-anagrams",
  "sw-fruit-baskets",
  "sw-k-different",
  "sw-k-zero",
  "sw-longest-no-repeat",
  "sw-many-removals",
  "sw-max-average",
  "sw-max-ones-k",
  "sw-max-vowels",
  "sw-minimum-window",
  "sw-multiple-removals",
  "sw-nice-subarrays",
  "sw-no-cover",
  "sw-one-distinct",
  "sw-one-removal-trace",
  "sw-one-zero",
  "sw-permutation-in-string",
  "sw-product-less-than-k",
  "sw-repeated-required",
  "sw-required-multiplicities",
  "sw-restore-before-record",
  "sw-shortest-ab",
  "sw-stale-maximum",
  "sw-whole-array",
  "sw-wide-replacement",
  "sw-window-cost"
 ],
 "retired": []
}
