{
 "lessons": [
  "balanced-tree-concepts",
  "bst-and-bounds",
  "bst-invariant-and-bounds",
  "general-and-bst-lca",
  "iterator-foundations",
  "kth-and-range-queries",
  "levels-zigzag-and-views",
  "serialization-and-deserialization",
  "successor-and-predecessor",
  "tree-and-bfs",
  "validate-search-and-insert"
 ],
 "exercises": [
  "tb-advance-one-step",
  "tb-bst-insert",
  "tb-bst-iterator",
  "tb-bst-search",
  "tb-codec-edge-values",
  "tb-compare-search-heights",
  "tb-delete-node",
  "tb-duplicate-key-policy",
  "tb-empty-and-chains",
  "tb-empty-and-right-chain",
  "tb-extreme-keys",
  "tb-extremes-and-equality",
  "tb-first-k-inorder",
  "tb-identify-rotation",
  "tb-inorder-successor",
  "tb-k-at-either-end",
  "tb-kth-smallest",
  "tb-lca-binary-tree",
  "tb-lca-bst",
  "tb-level-order",
  "tb-library-choice",
  "tb-meeting-junction",
  "tb-preorder-null-markers",
  "tb-propagate-bounds",
  "tb-push-left-spine",
  "tb-range-sum-bst",
  "tb-recursive-decoder",
  "tb-right-side-view",
  "tb-right-subtree-minimum",
  "tb-root-and-child-intervals",
  "tb-rotation-preserves-order",
  "tb-serialize-binary-tree",
  "tb-successor-no-parents",
  "tb-target-is-ancestor",
  "tb-validate-bst",
  "tb-zigzag-order",
  "tc-both-views-hidden",
  "tc-delete-by-predecessor",
  "tc-first-violation",
  "tc-kth-in-band",
  "tc-level-count-sum",
  "tc-nary-level-order",
  "tc-search-stopping-interval",
  "tc-zigzag-every-kth"
 ],
 "retired": []
}
