{
 "lessons": [
  "balanced-tree-concepts",
  "bst-invariant-and-bounds",
  "general-and-bst-lca",
  "group-nodes-by-depth-with-a-queue",
  "iterator-foundations",
  "kth-and-range-queries",
  "levels-zigzag-and-views",
  "search-and-validate-a-search-tree",
  "serialization-and-deserialization",
  "successor-and-predecessor",
  "validate-search-and-insert"
 ],
 "exercises": [
  "tb-bal-heights",
  "tb-bal-inorder",
  "tb-bal-library-choice",
  "tb-bal-rotation-type",
  "tb-bst-count-inside",
  "tb-bst-delete",
  "tb-bst-duplicate-policy",
  "tb-bst-extremes",
  "tb-bst-insert",
  "tb-bst-iterator",
  "tb-bst-root-children",
  "tb-bst-search",
  "tb-codec-297",
  "tb-codec-decoder",
  "tb-codec-edges",
  "tb-codec-preorder",
  "tb-iter-advance",
  "tb-iter-edges",
  "tb-iter-left-spine",
  "tb-kth-both-ends",
  "tb-kth-first-k",
  "tb-kth-smallest",
  "tb-lca-ancestor-target",
  "tb-lca-binary-tree",
  "tb-lca-bst",
  "tb-lca-combine",
  "tb-level-edges",
  "tb-level-order",
  "tb-range-sum",
  "tb-right-view",
  "tb-succ-extremes",
  "tb-succ-inorder",
  "tb-succ-no-parent",
  "tb-succ-right-min",
  "tb-validate-bst",
  "tb-zigzag",
  "tbc-bottom-up-zigzag",
  "tbc-delete-predecessor",
  "tbc-key-depth",
  "tbc-kth-largest",
  "tbc-level-sums",
  "tbc-nary-level-order",
  "tbc-right-view-k",
  "tbc-validate-limits"
 ],
 "retired": []
}
