{
 "lessons": [
  "arraydeque-contracts",
  "bfs-queue-state",
  "calculator-and-string-parsing",
  "fifo-simulation",
  "infix-and-postfix-evaluation",
  "matching-delimiters",
  "min-stack",
  "nested-decoding",
  "nested-structure",
  "queue-based-level-processing",
  "stack-and-parsing-state",
  "two-stack-queue"
 ],
 "exercises": [
  "sq-add-one-or-double",
  "sq-adjacent-nested-groups",
  "sq-alternate-level-output",
  "sq-basic-calculator",
  "sq-basic-calculator-two",
  "sq-choose-the-ends",
  "sq-decode-flat-group",
  "sq-decode-string",
  "sq-deep-single-chain",
  "sq-deque-as-queue",
  "sq-deque-as-stack",
  "sq-duplicate-minima",
  "sq-empty-access-contract",
  "sq-empty-queue-api",
  "sq-enqueue-one-dequeue",
  "sq-evaluate-rpn",
  "sq-expanding-queue",
  "sq-implement-queue-stacks",
  "sq-infix-to-postfix",
  "sq-interleaved-queue-calls",
  "sq-levels-to-target",
  "sq-max-parenthesis-depth",
  "sq-min-stack",
  "sq-multi-digit-count",
  "sq-non-commutative-trace",
  "sq-one-bracket-type",
  "sq-one-postfix-operator",
  "sq-premature-close-leftover",
  "sq-printer-queue",
  "sq-process-in-batches",
  "sq-queue-becomes-empty",
  "sq-remove-outermost",
  "sq-round-robin-one-step",
  "sq-score-of-parentheses",
  "sq-signed-sum",
  "sq-sp-calculator-depth",
  "sq-sp-decoded-length",
  "sq-sp-rpn-with-peak",
  "sq-sp-simplify-path",
  "sq-spaces-unary-sign",
  "sq-start-is-target",
  "sq-students-unable-lunch",
  "sq-sum-by-nested-group",
  "sq-supplied-frontier",
  "sq-two-stack-minimum",
  "sq-valid-parentheses",
  "sq-value-min-pairs",
  "sq-word-transform-neighbors"
 ],
 "retired": []
}
