{
 "lessons": [
  "arraydeque-contracts",
  "bfs-queue-state",
  "calculator-and-string-parsing",
  "fifo-simulation",
  "infix-and-postfix-evaluation",
  "matching-delimiters",
  "min-stack",
  "nested-decoding",
  "nested-structure",
  "parse-with-a-stack",
  "queue-based-level-processing",
  "two-stack-queue"
 ],
 "exercises": [
  "sq-add-one-or-double",
  "sq-adjacent-nested-groups",
  "sq-alternate-levels",
  "sq-calc-variables",
  "sq-choose-the-ends",
  "sq-decode-bounded",
  "sq-decode-flat-group",
  "sq-deep-single-chain",
  "sq-deque-as-queue",
  "sq-deque-as-stack",
  "sq-duplicate-minima",
  "sq-empty-access-contract",
  "sq-empty-queue-api",
  "sq-enqueue-one-dequeue",
  "sq-eval-one-operator",
  "sq-expanding-queue",
  "sq-implement-queue-stacks",
  "sq-inclusive-group-totals",
  "sq-infix-to-postfix",
  "sq-interleaved-queue-calls",
  "sq-leetcode-basic-calculator",
  "sq-leetcode-calculator-two",
  "sq-leetcode-decode-string",
  "sq-leetcode-min-stack",
  "sq-leetcode-rpn",
  "sq-levels-to-target",
  "sq-max-nesting-depth",
  "sq-multi-digit-repeat",
  "sq-one-bracket-type",
  "sq-operator-results",
  "sq-premature-close-leftover",
  "sq-printer-queue",
  "sq-process-in-batches",
  "sq-queue-becomes-empty",
  "sq-remove-outermost",
  "sq-round-robin-step",
  "sq-rpn-checked",
  "sq-score-of-parentheses",
  "sq-signed-sum",
  "sq-simplify-path",
  "sq-spaces-and-unary-sign",
  "sq-start-is-target",
  "sq-students-lunch",
  "sq-supplied-frontier",
  "sq-three-delimiter-types",
  "sq-two-stack-minimum",
  "sq-value-min-pairs",
  "sq-word-transform-neighbors"
 ],
 "retired": []
}
