{
 "lessons": [
  "arrays-sort",
  "comparator-contracts",
  "object-ordering",
  "ordering-contracts",
  "sort-and-deduplicate",
  "sort-and-sweep",
  "sort-then-scan",
  "sorted-letter-groups",
  "stability-and-ties"
 ],
 "exercises": [
  "so-anagram-normalized",
  "so-bit-count",
  "so-buildable-word",
  "so-case-ties",
  "so-chained-keys",
  "so-check-contract",
  "so-common-values",
  "so-descending-boxed",
  "so-distance-comparator",
  "so-distinct-ascending",
  "so-extra-copies",
  "so-extreme-comparator",
  "so-frequency-order",
  "so-frontier-max",
  "so-group-sorted-key",
  "so-index-tie",
  "so-kth-distinct",
  "so-largest-number",
  "so-min-increment",
  "so-missing-number",
  "so-order-for-largest",
  "so-queue-height",
  "so-queue-or-none",
  "so-relative-ranks",
  "so-reorder-logs",
  "so-smallest-repeat",
  "so-sort-array",
  "so-sort-rows",
  "so-sort-scores",
  "so-sort-subrange",
  "so-sorted-copy",
  "so-sorted-gap",
  "so-sorted-squares",
  "so-stable-tickets",
  "so-strings-close",
  "so-third-maximum"
 ],
 "retired": []
}
