{
 "lessons": [
  "arrays-sort",
  "comparator-contracts",
  "object-ordering",
  "ordering-contracts",
  "sort-and-deduplicate",
  "sort-and-sweep",
  "sort-then-scan",
  "stability-and-ties",
  "strings-maps-and-sorting"
 ],
 "exercises": [
  "so-all-equal",
  "so-boxed-descending",
  "so-chained-keys",
  "so-comparator-equality",
  "so-contains-duplicate-runs",
  "so-contains-duplicate-sorted",
  "so-empty-single-extreme",
  "so-equal-keys-extreme",
  "so-equal-primary-keys",
  "so-explicit-index-tie",
  "so-extreme-comparator",
  "so-fewer-than-k-distinct",
  "so-group-anagrams-sorted",
  "so-intersection-sorted-runs",
  "so-largest-number",
  "so-largest-number-laws",
  "so-long-equal-run",
  "so-longest-buildable-word",
  "so-minimum-increment-unique",
  "so-missing-number-sorted",
  "so-primitive-copy",
  "so-queue-free-slots",
  "so-queue-reconstruction",
  "so-relative-ranks",
  "so-reorder-logs",
  "so-safe-integer-comparator",
  "so-sort-an-array",
  "so-sort-by-bits",
  "so-sort-characters-by-frequency",
  "so-sort-scores",
  "so-sorted-squares",
  "so-stable-score-sort",
  "so-subrange",
  "so-third-maximum",
  "so-two-strings-close",
  "so-valid-anagram-sorted"
 ],
 "retired": []
}
