{
 "lessons": [
  "continuous-answers",
  "exact-search",
  "first-and-last",
  "first-true",
  "integer-answers",
  "lower-and-upper-bounds",
  "peak-search",
  "rotated-minimum",
  "rotated-target",
  "sorted-matrix",
  "time-lookup"
 ],
 "exercises": [
  "bs-bad-between",
  "bs-compare-strategies",
  "bs-descending",
  "bs-endpoint-peak",
  "bs-exact-704",
  "bs-find-in-mountain",
  "bs-first-bad",
  "bs-first-occurrence",
  "bs-first-true-array",
  "bs-insert-35",
  "bs-int-bouquets",
  "bs-int-eating-speed",
  "bs-int-ship-capacity",
  "bs-int-split-array",
  "bs-kth-missing",
  "bs-last-occurrence",
  "bs-matrix-contains",
  "bs-matrix-empty-shape",
  "bs-matrix-first-position",
  "bs-matrix-probe-budget",
  "bs-matrix-staircase",
  "bs-mountain-852",
  "bs-next-letter-744",
  "bs-no-true",
  "bs-outside-range",
  "bs-peak-162",
  "bs-pivot-then-search",
  "bs-range-34",
  "bs-real-relative-error",
  "bs-real-round-count",
  "bs-real-sqrt",
  "bs-real-widest-gap",
  "bs-rotated-min-153",
  "bs-rotated-min-154",
  "bs-rotated-search-33",
  "bs-rotated-search-81",
  "bs-rotation-count",
  "bs-time-early-query",
  "bs-time-key-value-store",
  "bs-time-one-key",
  "bs-time-snapshot-array",
  "bs-two-elements",
  "bs-two-values",
  "bs-upper-bound"
 ],
 "retired": []
}
