{
 "lessons": [
  "continuous-answers",
  "exact-search",
  "first-and-last",
  "first-true",
  "integer-answers",
  "lower-and-upper-bounds",
  "matrix-search",
  "peak-search",
  "rotated-minimum",
  "rotated-target",
  "time-indexed-lookup"
 ],
 "exercises": [
  "bs-binary-search",
  "bs-bouquet-days",
  "bs-descending-search",
  "bs-empty-shape",
  "bs-endpoint-peak",
  "bs-explain-both-strategies",
  "bs-find-in-mountain",
  "bs-find-peak-element",
  "bs-first-bad-version",
  "bs-first-bad-version-halfopen",
  "bs-first-matrix-position",
  "bs-first-occurrence",
  "bs-first-true-boolean",
  "bs-fixed-iterations",
  "bs-koko-speed",
  "bs-kth-missing-positive",
  "bs-last-occurrence",
  "bs-max-min-distance",
  "bs-mountain-peak",
  "bs-next-greatest-letter",
  "bs-no-true-value",
  "bs-one-key-history",
  "bs-online-election",
  "bs-outside-range",
  "bs-pivot-then-search",
  "bs-rotated-minimum",
  "bs-rotated-minimum-repeats",
  "bs-rotated-search",
  "bs-rotated-search-repeats",
  "bs-rotation-count",
  "bs-scale-aware-error",
  "bs-search-insert",
  "bs-search-matrix-rows",
  "bs-search-matrix-two",
  "bs-search-matrix-virtual",
  "bs-search-range",
  "bs-ship-capacity",
  "bs-snapshot-array",
  "bs-split-array-largest-sum",
  "bs-square-root",
  "bs-time-map",
  "bs-time-map-early",
  "bs-two-elements",
  "bs-two-values",
  "bs-upper-bound"
 ],
 "retired": []
}
