{
 "lessons": [
  "array-cycle-state",
  "duplicate-skipping",
  "duplicate-with-two-speeds",
  "k-sum-reduction",
  "opposite-ends",
  "read-and-write",
  "strings-from-both-ends",
  "sums-in-sorted-arrays",
  "three-way-partition",
  "two-way-partition"
 ],
 "exercises": [
  "tp-all-equal",
  "tp-closest-pair-sum",
  "tp-container-water",
  "tp-contract-check",
  "tp-dedup-sorted",
  "tp-dedup-twice",
  "tp-duplicate-count",
  "tp-duplicate-near-start",
  "tp-find-duplicate",
  "tp-follow-links",
  "tp-four-sum-count",
  "tp-four-sum-unique",
  "tp-immediate-cycle",
  "tp-is-subsequence",
  "tp-move-zeroes",
  "tp-one-empty-region",
  "tp-overflowing-sum",
  "tp-palindrome-one-delete",
  "tp-parity-two",
  "tp-partition-012",
  "tp-partition-pivot",
  "tp-read-only-view",
  "tp-reinspect-high",
  "tp-remove-element",
  "tp-reverse-chars",
  "tp-sort-by-parity",
  "tp-sort-colors",
  "tp-sorted-rows-closest",
  "tp-sorted-rows-four",
  "tp-sorted-rows-pair",
  "tp-sorted-rows-triple",
  "tp-tail-cycle-lengths",
  "tp-three-sum-closest",
  "tp-three-sum-count",
  "tp-three-sum-unique",
  "tp-three-way-pivot",
  "tp-two-sum-sorted",
  "tp-two-values",
  "tp-unique-pairs",
  "tp-valid-palindrome"
 ],
 "retired": []
}
