{
 "lessons": [
  "array-cycle-state",
  "duplicate-skipping",
  "index-state-and-floyd",
  "k-sum-reduction",
  "opposite-ends",
  "read-and-write",
  "sorting-and-two-pointers",
  "strings-and-two-pointers",
  "three-way-partition",
  "two-way-partition"
 ],
 "exercises": [
  "tp-all-equal",
  "tp-alternating-parity",
  "tp-around-pivot",
  "tp-at-most-limit",
  "tp-clean-palindrome",
  "tp-closest-pair-sum",
  "tp-closest-sum-tie-smaller",
  "tp-closest-total",
  "tp-compare-alternatives",
  "tp-container-water",
  "tp-count-zero-triplets",
  "tp-duplicate-near-start",
  "tp-duplicate-triple",
  "tp-find-duplicate-read-only",
  "tp-flag-012",
  "tp-follow-links",
  "tp-four-sum-all",
  "tp-four-sum-count",
  "tp-immediate-cycle",
  "tp-keep-last-of-run",
  "tp-move-zeroes",
  "tp-one-empty-region",
  "tp-overflow-sum",
  "tp-pair-original-indices",
  "tp-palindrome-one-skip",
  "tp-parity-split",
  "tp-phase-two-proof",
  "tp-pivot-three-way",
  "tp-quads-pruned",
  "tp-reinspect-high",
  "tp-remove-element",
  "tp-reverse-chars",
  "tp-sort-colors",
  "tp-subsequence-rates",
  "tp-three-sum-all",
  "tp-triple-exists",
  "tp-two-sum-sorted",
  "tp-two-values",
  "tp-unique-pairs",
  "tp-value-as-next-index"
 ],
 "retired": []
}
