{
 "lessons": [
  "drop-with-stack",
  "exchange-reasoning",
  "farthest-frontier",
  "interval-scheduling",
  "local-choice",
  "pair-from-both-ends",
  "sort-then-commit",
  "task-selection",
  "undo-with-heap"
 ],
 "exercises": [
  "gr-assign-cookies",
  "gr-bag-of-tokens",
  "gr-balloon-group-sizes",
  "gr-boats-to-save-people",
  "gr-choose-compatible-meetings",
  "gr-cookies-with-slack",
  "gr-course-schedule-iii",
  "gr-courses-count-and-total",
  "gr-deadline-unit-tasks",
  "gr-distinct-subsequence-positions",
  "gr-equal-reward-capacity",
  "gr-exact-capacity-single",
  "gr-exchange-two-assignments",
  "gr-find-a-counterexample",
  "gr-furthest-building",
  "gr-half-open-balloons",
  "gr-intervals-with-gap",
  "gr-jump-game",
  "gr-jump-game-ii",
  "gr-lemonade-change",
  "gr-maximum-units-truck",
  "gr-most-competitive-subsequence",
  "gr-non-overlapping-intervals",
  "gr-partition-labels",
  "gr-present-a-greedy-proof",
  "gr-project-capital",
  "gr-refueling-stops",
  "gr-remove-duplicate-letters",
  "gr-remove-k-digits",
  "gr-smallest-sufficient-match",
  "gr-sort-satisfied-children",
  "gr-swap-to-earlier-finish",
  "gr-touching-endpoint-contract",
  "gr-unusable-resources",
  "gr-update-reachable-prefix",
  "gr-zero-before-the-frontier"
 ],
 "retired": []
}
