{
 "lessons": [
  "exchange-reasoning",
  "farthest-frontier",
  "greedy-and-heap",
  "greedy-and-monotonic-stack",
  "greedy-and-ordering",
  "greedy-and-two-pointers",
  "interval-scheduling",
  "local-choice",
  "task-selection"
 ],
 "exercises": [
  "gc-bag-of-tokens",
  "gc-boats-limit",
  "gc-competitive-subsequence",
  "gc-cookie-owners",
  "gc-cookies-with-tolerance",
  "gc-course-plan-total",
  "gc-distinct-by-rank",
  "gc-exact-capacity-last-person",
  "gc-furthest-building",
  "gc-ipo-capital",
  "gc-launch-points",
  "gc-refuel-stops",
  "gc-removals-and-boundary",
  "gc-remove-duplicate-letters",
  "gc-remove-k-digits",
  "gc-section-sizes",
  "gr-arrows-by-group",
  "gr-assign-cookies",
  "gr-compatible-meetings",
  "gr-course-schedule-three",
  "gr-equal-reward-capacity",
  "gr-exchange-two-assignments",
  "gr-find-counterexample",
  "gr-jump-game-reach",
  "gr-jump-layers",
  "gr-lemonade-change",
  "gr-maximum-units",
  "gr-non-overlapping-removals",
  "gr-present-greedy-proof",
  "gr-smallest-sufficient-match",
  "gr-swap-to-earlier-finish",
  "gr-touching-endpoint-contract",
  "gr-unit-tasks-deadlines",
  "gr-unusable-resources",
  "gr-update-reachable-prefix",
  "gr-zero-before-frontier"
 ],
 "retired": []
}
