{
 "lessons": [
  "boundary-discovery",
  "circular-next-greater",
  "contribution-counting",
  "duplicate-attribution-policy",
  "histogram-rectangles",
  "next-greater-or-smaller",
  "stack-and-contribution-counting",
  "stock-span"
 ],
 "exercises": [
  "ms-all-equal-circular",
  "ms-all-equal-ownership",
  "ms-circular-successors",
  "ms-combo-best-rectangle-span",
  "ms-combo-next-greater-by-position",
  "ms-combo-subarray-ranges",
  "ms-combo-wait-totals",
  "ms-compressed-price-span-pairs",
  "ms-count-owned-one-index",
  "ms-daily-temperatures",
  "ms-equal-prices-span",
  "ms-equal-stays-unresolved",
  "ms-flush-increasing-heights",
  "ms-largest-rectangle-histogram",
  "ms-negative-repeated-values",
  "ms-next-greater-element-i",
  "ms-next-greater-element-ii",
  "ms-next-greater-value",
  "ms-next-smaller-index",
  "ms-no-boundary",
  "ms-online-stock-span",
  "ms-previous-smaller-index",
  "ms-rectangle-supplied-boundaries",
  "ms-resolve-on-shorter-bar",
  "ms-span-from-previous-greater",
  "ms-strict-left-nonstrict-right",
  "ms-sum-minimums-convention",
  "ms-sum-minimums-stack",
  "ms-sum-owned-contributions",
  "ms-two-equal-minima",
  "ms-virtual-double-scan",
  "ms-widest-minimum-region"
 ],
 "retired": []
}
