{
 "lessons": [
  "boundary-discovery",
  "circular-next-greater",
  "contribution-counting",
  "count-subarrays-from-stack-boundaries",
  "duplicate-attribution-policy",
  "histogram-rectangles",
  "next-greater-or-smaller",
  "stock-span"
 ],
 "exercises": [
  "ms-all-equal-array",
  "ms-all-equal-circular",
  "ms-circular-successor-index",
  "ms-combo-best-rectangle-left",
  "ms-combo-longest-wait",
  "ms-combo-pop-pairs",
  "ms-combo-sum-maximums",
  "ms-compressed-price-span-pairs",
  "ms-count-owned-by-one-index",
  "ms-daily-temperatures",
  "ms-equal-prices",
  "ms-equal-values-stay-unresolved",
  "ms-flush-increasing-heights",
  "ms-largest-rectangle-histogram",
  "ms-negative-and-repeated-values",
  "ms-next-greater-element-one",
  "ms-next-greater-element-two",
  "ms-next-greater-value",
  "ms-next-smaller-index",
  "ms-no-boundary",
  "ms-online-stock-span",
  "ms-previous-smaller-index",
  "ms-rectangle-from-boundaries",
  "ms-resolve-on-shorter-bar",
  "ms-span-from-previous-greater",
  "ms-strict-left-non-strict-right",
  "ms-sum-of-subarray-minimums-exact",
  "ms-sum-of-subarray-minimums-modulo",
  "ms-sum-owned-minimum-contributions",
  "ms-two-equal-minima",
  "ms-virtual-double-scan",
  "ms-widest-minimum-region"
 ],
 "retired": []
}
