{
 "lessons": [
  "heap-and-intervals",
  "heap-orientation",
  "heap-scheduling",
  "k-way-merge",
  "lazy-deletion",
  "priorityqueue-mechanics",
  "running-median",
  "top-k"
 ],
 "exercises": [
  "hi-meeting-rooms",
  "hi-meeting-rooms-two",
  "hi-min-groups-closed",
  "hi-min-interval-queries",
  "hp-cpu-wait-report",
  "hp-delayed-removal-counts",
  "hp-empty-and-singleton",
  "hp-empty-sources-equal-heads",
  "hp-equal-priorities-extremes",
  "hp-find-median-stream",
  "hp-idle-gap-simultaneous",
  "hp-k-largest-values",
  "hp-k-one-or-n",
  "hp-kth-largest-element",
  "hp-kth-largest-stream",
  "hp-kth-smallest-matrix",
  "hp-last-stone-weight",
  "hp-merge-k-lists",
  "hp-merge-three-arrays",
  "hp-overflow-safe-median",
  "hp-pair-priority",
  "hp-process-tasks-servers",
  "hp-rebalance-two-halves",
  "hp-released-shortest-job",
  "hp-repeated-minimum",
  "hp-safe-max-heap",
  "hp-several-stale-roots",
  "hp-single-threaded-cpu",
  "hp-sliding-window-median",
  "hp-top-k-frequent",
  "hp-versioned-priorities",
  "hp-window-lower-median-report"
 ],
 "retired": []
}
