{
 "lessons": [
  "heap-orientation",
  "heap-scheduling",
  "k-way-merge",
  "lazy-deletion",
  "priorityqueue-mechanics",
  "reuse-meeting-rooms",
  "running-median",
  "top-k"
 ],
 "exercises": [
  "hp-cpu-release-times",
  "hp-delayed-removal-counts",
  "hp-divide-intervals-groups",
  "hp-empty-equal-heads",
  "hp-empty-singleton",
  "hp-equal-extreme",
  "hp-find-median-stream",
  "hp-idle-gap-ties",
  "hp-k-largest-values",
  "hp-k-one-or-n",
  "hp-kth-largest-array",
  "hp-kth-largest-stream",
  "hp-kth-smallest-matrix",
  "hp-last-stone",
  "hp-meeting-rooms",
  "hp-meeting-rooms-two",
  "hp-merge-k-lists",
  "hp-merge-three",
  "hp-minimum-interval-query",
  "hp-overflow-safe-median",
  "hp-pair-priority",
  "hp-process-tasks-servers",
  "hp-rebalance-halves",
  "hp-released-shortest-job",
  "hp-repeated-minimum",
  "hp-safe-max-heap",
  "hp-several-stale-roots",
  "hp-single-threaded-cpu",
  "hp-sliding-window-median",
  "hp-top-k-frequent",
  "hp-versioned-priorities",
  "hp-window-median-full"
 ],
 "retired": []
}
