{
 "lessons": [
  "arraydeque-mechanics",
  "deque-and-sliding-window",
  "dominated-back-eviction",
  "expired-front-eviction",
  "front-and-back-invariants",
  "index-expiry",
  "shortest-subarray-deque-state",
  "sliding-maximum",
  "sliding-minimum"
 ],
 "exercises": [
  "dq-best-of-last-k",
  "dq-bounded-recent-history",
  "dq-candidate-deque-api",
  "dq-chronological-candidate-queue",
  "dq-decreasing-candidate-values",
  "dq-duplicate-ages",
  "dq-duplicate-minima-expire",
  "dq-empty-deque-contract",
  "dq-equal-candidate-policy",
  "dq-exact-expiry-point",
  "dq-expire-one-window",
  "dq-increasing-candidate-values",
  "dq-increasing-decreasing-equal",
  "dq-insert-maximum-candidate",
  "dq-insert-minimum-candidate",
  "dq-jump-game-six",
  "dq-jumping-boundary",
  "dq-longest-limit-subarray",
  "dq-maximum-one-window",
  "dq-minimum-every-window",
  "dq-name-each-end",
  "dq-negative-long-sums",
  "dq-online-suffix-maximum",
  "dq-prefix-pair-difference",
  "dq-remove-dominated-prefixes",
  "dq-repeated-equal-values",
  "dq-return-maximum-indices",
  "dq-shortest-subarray-sum-k",
  "dq-sliding-window-maximum",
  "dq-two-ended-buffer",
  "dq-variable-left-bound",
  "dq-window-range",
  "dqw-count-calm-subarrays",
  "dqw-fixed-window-trace",
  "dqw-shortest-within-cap",
  "dqw-sum-of-maxima"
 ],
 "retired": []
}
