{
 "lessons": [
  "arraydeque-mechanics",
  "dominated-back-eviction",
  "expired-front-eviction",
  "front-and-back-invariants",
  "index-expiry",
  "shortest-subarray-deque-state",
  "slide-a-window-with-two-deques",
  "sliding-maximum",
  "sliding-minimum"
 ],
 "exercises": [
  "dq-best-of-last-k",
  "dq-bounded-history",
  "dq-candidate-api",
  "dq-chronological-queue",
  "dq-count-steady",
  "dq-decreasing-values",
  "dq-dominated-prefixes",
  "dq-duplicate-ages",
  "dq-duplicate-minima",
  "dq-empty-contract",
  "dq-equal-policy",
  "dq-exact-expiry",
  "dq-expire-one",
  "dq-fixed-window-trace",
  "dq-increasing-values",
  "dq-insert-max",
  "dq-insert-min",
  "dq-jumping-boundary",
  "dq-lc1438",
  "dq-lc1696",
  "dq-lc239",
  "dq-lc862",
  "dq-max-indices",
  "dq-min-windows",
  "dq-name-each-end",
  "dq-negative-long",
  "dq-one-window",
  "dq-prefix-pair",
  "dq-repeated-equal",
  "dq-shortest-with-start",
  "dq-smallest-window-max",
  "dq-suffix-maxima",
  "dq-three-shapes",
  "dq-two-ended-buffer",
  "dq-variable-bound",
  "dq-window-range"
 ],
 "retired": []
}
