{
 "lessons": [
  "bipartite-coloring",
  "components",
  "cycle-detection",
  "graph-cloning",
  "graph-representation",
  "grid-and-graph-traversal",
  "grid-graphs",
  "path-enumeration",
  "unweighted-shortest-paths",
  "visited-state"
 ],
 "exercises": [
  "gg-clone-cell-graph",
  "gg-island-count-flag",
  "gg-largest-island-report",
  "gg-ring-flood-fill",
  "gt-all-paths-source-target",
  "gt-binary-matrix-path",
  "gt-clone-a-cycle",
  "gt-clone-graph",
  "gt-clone-one-edge",
  "gt-color-one-component",
  "gt-component-sizes",
  "gt-count-components",
  "gt-course-schedule",
  "gt-cycle-and-disconnected",
  "gt-dead-end-direct-edge",
  "gt-directed-lists",
  "gt-disconnected-components",
  "gt-distance-from-source",
  "gt-flood-fill",
  "gt-is-graph-bipartite",
  "gt-island-count",
  "gt-iterative-dfs-stack",
  "gt-keys-and-rooms",
  "gt-max-island-area",
  "gt-no-edges-one",
  "gt-null-and-self-loop",
  "gt-parallel-and-self",
  "gt-parent-check",
  "gt-provinces",
  "gt-reachable-vertices",
  "gt-restore-shortest-path",
  "gt-same-color",
  "gt-self-loop-odd-cycle",
  "gt-simple-paths",
  "gt-source-target-edges",
  "gt-star-center",
  "gt-three-colors",
  "gt-tiny-dag-paths",
  "gt-two-way-edge",
  "gt-undirected-lists"
 ],
 "retired": []
}
