{
 "lessons": [
  "bipartite-coloring",
  "components",
  "cycle-detection",
  "graph-cloning",
  "graph-representation",
  "grid-graphs",
  "path-enumeration",
  "unweighted-shortest-paths",
  "visited-state",
  "walk-grid-as-graph"
 ],
 "exercises": [
  "gt-all-paths-source-target",
  "gt-clone-cycle",
  "gt-clone-graph",
  "gt-clone-land",
  "gt-clone-one-edge",
  "gt-color-one-component",
  "gt-component-sizes",
  "gt-count-components",
  "gt-course-schedule",
  "gt-cycle-disconnected-vertex",
  "gt-dead-end-direct-edge",
  "gt-directed-adjacency",
  "gt-directed-three-colors",
  "gt-distance-one-source",
  "gt-enumerate-simple-paths",
  "gt-fill-protected",
  "gt-flood-fill",
  "gt-is-graph-bipartite",
  "gt-island-area",
  "gt-island-count",
  "gt-island-diagonal",
  "gt-iterative-dfs",
  "gt-keys-and-rooms",
  "gt-no-edges-one-component",
  "gt-null-self-loop",
  "gt-number-of-provinces",
  "gt-parallel-self-edges",
  "gt-process-disconnected-components",
  "gt-reachable-vertices",
  "gt-restore-shortest-path",
  "gt-same-color",
  "gt-self-loop-and-odd-cycle",
  "gt-shortest-path-binary-matrix",
  "gt-smallest-island",
  "gt-source-target-boundary",
  "gt-star-center",
  "gt-tiny-dag-paths",
  "gt-two-way-undirected-edge",
  "gt-undirected-adjacency",
  "gt-undirected-parent-check"
 ],
 "retired": []
}
